
Microsoft Visual Studio Solution File, Format Version 12.00
# Visual Studio 14
VisualStudioVersion = 14.0.25420.1
MinimumVisualStudioVersion = 10.0.40219.1
Project("{FAE04EC0-301F-11D3-BF4B-00C04F79EFBC}") = "JSpank.DevSuite.App", "..\src\jspank.devsuite.app\JSpank.DevSuite.App.csproj", "{A793F18E-9A9D-4E7A-BE96-4E18A7C2CD9C}"
EndProject
Project("{FAE04EC0-301F-11D3-BF4B-00C04F79EFBC}") = "JSpank.DevSuite.Domain", "..\src\jspank.devsuite.domain\JSpank.DevSuite.Domain.csproj", "{9790EB47-5EFC-4E9E-BDD9-3F5DCE85054A}"
EndProject
Project("{FAE04EC0-301F-11D3-BF4B-00C04F79EFBC}") = "JSpank.DevSuite.Infra", "..\src\jspank.devsuite.infra\JSpank.DevSuite.Infra.csproj", "{55DA5165-8059-4DEE-83EB-8D1450F90070}"
EndProject
Project("{FAE04EC0-301F-11D3-BF4B-00C04F79EFBC}") = "JSpank.DevSuite.Test", "..\src\jspank.devsuite.test\JSpank.DevSuite.Test.csproj", "{FDC5C39D-5123-4D86-BBD2-C74671F37B54}"
EndProject
Project("{FAE04EC0-301F-11D3-BF4B-00C04F79EFBC}") = "JSpank.DevSuite.AppInitActivity", "..\src\JSpank.DevSuite.AppInitActivity\JSpank.DevSuite.AppInitActivity.csproj", "{58D410F4-5105-4957-83F4-64A9A13D9131}"
EndProject
Project("{FAE04EC0-301F-11D3-BF4B-00C04F79EFBC}") = "JSpank.DevSuite.Ioc", "..\src\JSpank.DevSuite.Ioc\JSpank.DevSuite.Ioc.csproj", "{461E80E2-F0AF-4AC8-9BA6-777CF7717F63}"
EndProject
Global
	GlobalSection(SolutionConfigurationPlatforms) = preSolution
		Debug|Any CPU = Debug|Any CPU
		Release|Any CPU = Release|Any CPU
	EndGlobalSection
	GlobalSection(ProjectConfigurationPlatforms) = postSolution
		{A793F18E-9A9D-4E7A-BE96-4E18A7C2CD9C}.Debug|Any CPU.ActiveCfg = Debug|Any CPU
		{A793F18E-9A9D-4E7A-BE96-4E18A7C2CD9C}.Debug|Any CPU.Build.0 = Debug|Any CPU
		{A793F18E-9A9D-4E7A-BE96-4E18A7C2CD9C}.Release|Any CPU.ActiveCfg = Release|Any CPU
		{A793F18E-9A9D-4E7A-BE96-4E18A7C2CD9C}.Release|Any CPU.Build.0 = Release|Any CPU
		{9790EB47-5EFC-4E9E-BDD9-3F5DCE85054A}.Debug|Any CPU.ActiveCfg = Debug|Any CPU
		{9790EB47-5EFC-4E9E-BDD9-3F5DCE85054A}.Debug|Any CPU.Build.0 = Debug|Any CPU
		{9790EB47-5EFC-4E9E-BDD9-3F5DCE85054A}.Release|Any CPU.ActiveCfg = Release|Any CPU
		{9790EB47-5EFC-4E9E-BDD9-3F5DCE85054A}.Release|Any CPU.Build.0 = Release|Any CPU
		{55DA5165-8059-4DEE-83EB-8D1450F90070}.Debug|Any CPU.ActiveCfg = Debug|Any CPU
		{55DA5165-8059-4DEE-83EB-8D1450F90070}.Debug|Any CPU.Build.0 = Debug|Any CPU
		{55DA5165-8059-4DEE-83EB-8D1450F90070}.Release|Any CPU.ActiveCfg = Release|Any CPU
		{55DA5165-8059-4DEE-83EB-8D1450F90070}.Release|Any CPU.Build.0 = Release|Any CPU
		{FDC5C39D-5123-4D86-BBD2-C74671F37B54}.Debug|Any CPU.ActiveCfg = Debug|Any CPU
		{FDC5C39D-5123-4D86-BBD2-C74671F37B54}.Debug|Any CPU.Build.0 = Debug|Any CPU
		{FDC5C39D-5123-4D86-BBD2-C74671F37B54}.Release|Any CPU.ActiveCfg = Release|Any CPU
		{FDC5C39D-5123-4D86-BBD2-C74671F37B54}.Release|Any CPU.Build.0 = Release|Any CPU
		{58D410F4-5105-4957-83F4-64A9A13D9131}.Debug|Any CPU.ActiveCfg = Debug|Any CPU
		{58D410F4-5105-4957-83F4-64A9A13D9131}.Debug|Any CPU.Build.0 = Debug|Any CPU
		{58D410F4-5105-4957-83F4-64A9A13D9131}.Release|Any CPU.ActiveCfg = Release|Any CPU
		{58D410F4-5105-4957-83F4-64A9A13D9131}.Release|Any CPU.Build.0 = Release|Any CPU
		{461E80E2-F0AF-4AC8-9BA6-777CF7717F63}.Debug|Any CPU.ActiveCfg = Debug|Any CPU
		{461E80E2-F0AF-4AC8-9BA6-777CF7717F63}.Debug|Any CPU.Build.0 = Debug|Any CPU
		{461E80E2-F0AF-4AC8-9BA6-777CF7717F63}.Release|Any CPU.ActiveCfg = Release|Any CPU
		{461E80E2-F0AF-4AC8-9BA6-777CF7717F63}.Release|Any CPU.Build.0 = Release|Any CPU
	EndGlobalSection
	GlobalSection(SolutionProperties) = preSolution
		HideSolutionNode = FALSE
	EndGlobalSection
	GlobalSection(ExtensibilityGlobals) = postSolution
		SolutionGuid = {31959696-8601-4B39-A4FA-A8AE8FC754D8}
	EndGlobalSection
EndGlobal
